
Microsoft Visual Studio Solution File, Format Version 12.00
# Visual Studio Version 16
VisualStudioVersion = 16.0.30309.148
MinimumVisualStudioVersion = 10.0.40219.1
Project("{9A19103F-16F7-4668-BE54-9A1E7A4F7556}") = "Shared.Ddd", "Shared.Ddd\Shared.Ddd.csproj", "{230A15DD-352D-4184-B590-96895ECB7378}"
EndProject
Project("{9A19103F-16F7-4668-BE54-9A1E7A4F7556}") = "Shared.Cqrs", "Shared.Cqrs\Shared.Cqrs.csproj", "{D0E5CFAA-03A3-4EE1-B161-D278C191E7F5}"
EndProject
Project("{9A19103F-16F7-4668-BE54-9A1E7A4F7556}") = "Shared.Configuration", "Shared.Configuration\Shared.Configuration.csproj", "{019A4EE2-AF00-4F36-AE4E-1A3379C60CD6}"
EndProject
Project("{9A19103F-16F7-4668-BE54-9A1E7A4F7556}") = "Shared.Net", "Shared.Net\Shared.Net.csproj", "{EE8616CB-FC4F-4771-9EB7-01E8EE64D550}"
EndProject
Project("{9A19103F-16F7-4668-BE54-9A1E7A4F7556}") = "Shared.Spatial", "Shared.Spatial\Shared.Spatial.csproj", "{1B867A66-838B-4028-B76F-9F356F110962}"
EndProject
Project("{9A19103F-16F7-4668-BE54-9A1E7A4F7556}") = "Shared.System", "Shared.System\Shared.System.csproj", "{9DAADDC3-2850-4475-AF00-2E8889C6D818}"
EndProject
Project("{9A19103F-16F7-4668-BE54-9A1E7A4F7556}") = "Shared.EntityFramework", "Shared.EntityFramework\Shared.EntityFramework.csproj", "{2E31558F-441E-463E-B618-B2B4F02F6EE5}"
EndProject
Project("{9A19103F-16F7-4668-BE54-9A1E7A4F7556}") = "Shared.CognitiveServices", "Shared.CognitiveServices\Shared.CognitiveServices.csproj", "{9FFC69AF-C322-4AC1-9E0E-85D121A6ADE8}"
EndProject
Project("{9A19103F-16F7-4668-BE54-9A1E7A4F7556}") = "Shared.CognitiveServices.Abstractions", "Shared.CognitiveServices.Abstractions\Shared.CognitiveServices.Abstractions.csproj", "{4CB88518-4143-40A1-9366-95096263E458}"
EndProject
Global
	GlobalSection(SolutionConfigurationPlatforms) = preSolution
		Debug|Any CPU = Debug|Any CPU
		Release|Any CPU = Release|Any CPU
	EndGlobalSection
	GlobalSection(ProjectConfigurationPlatforms) = postSolution
		{230A15DD-352D-4184-B590-96895ECB7378}.Debug|Any CPU.ActiveCfg = Debug|Any CPU
		{230A15DD-352D-4184-B590-96895ECB7378}.Debug|Any CPU.Build.0 = Debug|Any CPU
		{230A15DD-352D-4184-B590-96895ECB7378}.Release|Any CPU.ActiveCfg = Release|Any CPU
		{230A15DD-352D-4184-B590-96895ECB7378}.Release|Any CPU.Build.0 = Release|Any CPU
		{D0E5CFAA-03A3-4EE1-B161-D278C191E7F5}.Debug|Any CPU.ActiveCfg = Debug|Any CPU
		{D0E5CFAA-03A3-4EE1-B161-D278C191E7F5}.Debug|Any CPU.Build.0 = Debug|Any CPU
		{D0E5CFAA-03A3-4EE1-B161-D278C191E7F5}.Release|Any CPU.ActiveCfg = Release|Any CPU
		{D0E5CFAA-03A3-4EE1-B161-D278C191E7F5}.Release|Any CPU.Build.0 = Release|Any CPU
		{019A4EE2-AF00-4F36-AE4E-1A3379C60CD6}.Debug|Any CPU.ActiveCfg = Debug|Any CPU
		{019A4EE2-AF00-4F36-AE4E-1A3379C60CD6}.Debug|Any CPU.Build.0 = Debug|Any CPU
		{019A4EE2-AF00-4F36-AE4E-1A3379C60CD6}.Release|Any CPU.ActiveCfg = Release|Any CPU
		{019A4EE2-AF00-4F36-AE4E-1A3379C60CD6}.Release|Any CPU.Build.0 = Release|Any CPU
		{EE8616CB-FC4F-4771-9EB7-01E8EE64D550}.Debug|Any CPU.ActiveCfg = Debug|Any CPU
		{EE8616CB-FC4F-4771-9EB7-01E8EE64D550}.Debug|Any CPU.Build.0 = Debug|Any CPU
		{EE8616CB-FC4F-4771-9EB7-01E8EE64D550}.Release|Any CPU.ActiveCfg = Release|Any CPU
		{EE8616CB-FC4F-4771-9EB7-01E8EE64D550}.Release|Any CPU.Build.0 = Release|Any CPU
		{1B867A66-838B-4028-B76F-9F356F110962}.Debug|Any CPU.ActiveCfg = Debug|Any CPU
		{1B867A66-838B-4028-B76F-9F356F110962}.Debug|Any CPU.Build.0 = Debug|Any CPU
		{1B867A66-838B-4028-B76F-9F356F110962}.Release|Any CPU.ActiveCfg = Release|Any CPU
		{1B867A66-838B-4028-B76F-9F356F110962}.Release|Any CPU.Build.0 = Release|Any CPU
		{9DAADDC3-2850-4475-AF00-2E8889C6D818}.Debug|Any CPU.ActiveCfg = Debug|Any CPU
		{9DAADDC3-2850-4475-AF00-2E8889C6D818}.Debug|Any CPU.Build.0 = Debug|Any CPU
		{9DAADDC3-2850-4475-AF00-2E8889C6D818}.Release|Any CPU.ActiveCfg = Release|Any CPU
		{9DAADDC3-2850-4475-AF00-2E8889C6D818}.Release|Any CPU.Build.0 = Release|Any CPU
		{2E31558F-441E-463E-B618-B2B4F02F6EE5}.Debug|Any CPU.ActiveCfg = Debug|Any CPU
		{2E31558F-441E-463E-B618-B2B4F02F6EE5}.Debug|Any CPU.Build.0 = Debug|Any CPU
		{2E31558F-441E-463E-B618-B2B4F02F6EE5}.Release|Any CPU.ActiveCfg = Release|Any CPU
		{2E31558F-441E-463E-B618-B2B4F02F6EE5}.Release|Any CPU.Build.0 = Release|Any CPU
		{9FFC69AF-C322-4AC1-9E0E-85D121A6ADE8}.Debug|Any CPU.ActiveCfg = Debug|Any CPU
		{9FFC69AF-C322-4AC1-9E0E-85D121A6ADE8}.Debug|Any CPU.Build.0 = Debug|Any CPU
		{9FFC69AF-C322-4AC1-9E0E-85D121A6ADE8}.Release|Any CPU.ActiveCfg = Release|Any CPU
		{9FFC69AF-C322-4AC1-9E0E-85D121A6ADE8}.Release|Any CPU.Build.0 = Release|Any CPU
		{4CB88518-4143-40A1-9366-95096263E458}.Debug|Any CPU.ActiveCfg = Debug|Any CPU
		{4CB88518-4143-40A1-9366-95096263E458}.Debug|Any CPU.Build.0 = Debug|Any CPU
		{4CB88518-4143-40A1-9366-95096263E458}.Release|Any CPU.ActiveCfg = Release|Any CPU
		{4CB88518-4143-40A1-9366-95096263E458}.Release|Any CPU.Build.0 = Release|Any CPU
	EndGlobalSection
	GlobalSection(SolutionProperties) = preSolution
		HideSolutionNode = FALSE
	EndGlobalSection
	GlobalSection(ExtensibilityGlobals) = postSolution
		SolutionGuid = {C94628F8-11BB-4DDD-A1D9-C28D32F34699}
	EndGlobalSection
EndGlobal
